
Microsoft Visual Studio Solution File, Format Version 12.00
# Visual Studio Version 17
VisualStudioVersion = 17.0.32126.317
MinimumVisualStudioVersion = 10.0.40219.1
Project("{FAE04EC0-301F-11D3-BF4B-00C04F79EFBC}") = "UniversityProject", "UniversityProject\UniversityProject.csproj", "{0167130C-918C-4AA4-ADFD-EF38DFCA034A}"
EndProject
Global
	GlobalSection(SolutionConfigurationPlatforms) = preSolution
		Debug|Any CPU = Debug|Any CPU
		Release|Any CPU = Release|Any CPU
	EndGlobalSection
	GlobalSection(ProjectConfigurationPlatforms) = postSolution
		{0167130C-918C-4AA4-ADFD-EF38DFCA034A}.Debug|Any CPU.ActiveCfg = Debug|Any CPU
		{0167130C-918C-4AA4-ADFD-EF38DFCA034A}.Debug|Any CPU.Build.0 = Debug|Any CPU
		{0167130C-918C-4AA4-ADFD-EF38DFCA034A}.Release|Any CPU.ActiveCfg = Release|Any CPU
		{0167130C-918C-4AA4-ADFD-EF38DFCA034A}.Release|Any CPU.Build.0 = Release|Any CPU
	EndGlobalSection
	GlobalSection(SolutionProperties) = preSolution
		HideSolutionNode = FALSE
	EndGlobalSection
	GlobalSection(ExtensibilityGlobals) = postSolution
		SolutionGuid = {92BEC7F3-22BF-4FD0-88E6-5DE48516C17F}
	EndGlobalSection
EndGlobal
